
Microsoft Visual Studio Solution File, Format Version 12.00
# Visual Studio Version 17
VisualStudioVersion = 17.7.34003.232
MinimumVisualStudioVersion = 10.0.40219.1
Project("{54A90642-561A-4BB1-A94E-469ADEE60C69}") = "Multiton_DesignPattern_Typescript_Example", "Multiton_DesignPattern_Typescript_Example\Multiton_DesignPattern_Typescript_Example.esproj", "{9CF67C85-C2FF-4A5B-BA4E-FC2EB44C8A09}"
EndProject
Global
	GlobalSection(SolutionConfigurationPlatforms) = preSolution
		Debug|Any CPU = Debug|Any CPU
		Release|Any CPU = Release|Any CPU
	EndGlobalSection
	GlobalSection(ProjectConfigurationPlatforms) = postSolution
		{9CF67C85-C2FF-4A5B-BA4E-FC2EB44C8A09}.Debug|Any CPU.ActiveCfg = Debug|Any CPU
		{9CF67C85-C2FF-4A5B-BA4E-FC2EB44C8A09}.Debug|Any CPU.Build.0 = Debug|Any CPU
		{9CF67C85-C2FF-4A5B-BA4E-FC2EB44C8A09}.Debug|Any CPU.Deploy.0 = Debug|Any CPU
		{9CF67C85-C2FF-4A5B-BA4E-FC2EB44C8A09}.Release|Any CPU.ActiveCfg = Release|Any CPU
		{9CF67C85-C2FF-4A5B-BA4E-FC2EB44C8A09}.Release|Any CPU.Build.0 = Release|Any CPU
		{9CF67C85-C2FF-4A5B-BA4E-FC2EB44C8A09}.Release|Any CPU.Deploy.0 = Release|Any CPU
	EndGlobalSection
	GlobalSection(SolutionProperties) = preSolution
		HideSolutionNode = FALSE
	EndGlobalSection
	GlobalSection(ExtensibilityGlobals) = postSolution
		SolutionGuid = {B71DD8ED-B8E7-48AC-9336-C9402C11E961}
	EndGlobalSection
EndGlobal
